
Microsoft Visual Studio Solution File, Format Version 12.00
# Visual Studio 15
VisualStudioVersion = 15.0.27703.2035
MinimumVisualStudioVersion = 10.0.40219.1
Project("{FAE04EC0-301F-11D3-BF4B-00C04F79EFBC}") = "HandyKeras", "HandyKeras\HandyKeras.csproj", "{502642E3-6F04-4512-A70A-4347F9CB0056}"
EndProject
Global
	GlobalSection(SolutionConfigurationPlatforms) = preSolution
		Debug|Any CPU = Debug|Any CPU
		Release|Any CPU = Release|Any CPU
	EndGlobalSection
	GlobalSection(ProjectConfigurationPlatforms) = postSolution
		{502642E3-6F04-4512-A70A-4347F9CB0056}.Debug|Any CPU.ActiveCfg = Debug|Any CPU
		{502642E3-6F04-4512-A70A-4347F9CB0056}.Debug|Any CPU.Build.0 = Debug|Any CPU
		{502642E3-6F04-4512-A70A-4347F9CB0056}.Release|Any CPU.ActiveCfg = Release|Any CPU
		{502642E3-6F04-4512-A70A-4347F9CB0056}.Release|Any CPU.Build.0 = Release|Any CPU
	EndGlobalSection
	GlobalSection(SolutionProperties) = preSolution
		HideSolutionNode = FALSE
	EndGlobalSection
	GlobalSection(ExtensibilityGlobals) = postSolution
		SolutionGuid = {23EDCF6D-F3B4-40F4-A362-1707F44BF604}
	EndGlobalSection
EndGlobal
